{
  "requires": true,
  "lockfileVersion": 1,
  "dependencies": {
    "emojione": {
      "version": "4.5.0",
      "resolved": "https://registry.npmjs.org/emojione/-/emojione-4.5.0.tgz",
      "integrity": "sha512-Tq55Y3UgPOnayFDN+Qd6QMP0rpoH10a1nhSFN27s8gXW3qymgFIHiXys2ECYYAI134BafmI3qP9ni2rZOe9BjA=="
    }
  }
}
